{
  "nodes": {
    "lute-src": {
      "flake": false,
      "locked": {
        "lastModified": 1770757615,
        "narHash": "sha256-GkJb9Fnc3YtsEWAmtVWCX37ktEpYu5w8+OeMa/ONR8g=",
        "owner": "luau-lang",
        "repo": "lute",
        "rev": "06ef228aaaae0a01cfc6b373adb2a7252b6de0e6",
        "type": "github"
      },
      "original": {
        "owner": "luau-lang",
        "repo": "lute",
        "type": "github"
      }
    },
    "nixpkgs": {
      "locked": {
        "lastModified": 1770748344,
        "narHash": "sha256-m5LxUajDNDzPdXW2MtH1O8npHFMNujMs45Vsx/ibGMw=",
        "owner": "NixOS",
        "repo": "nixpkgs",
        "rev": "ef153095f544a03d6e6fc176d7bb3d086c3ab58b",
        "type": "github"
      },
      "original": {
        "owner": "NixOS",
        "repo": "nixpkgs",
        "type": "github"
      }
    },
    "root": {
      "inputs": {
        "lute-src": "lute-src",
        "nixpkgs": "nixpkgs"
      }
    }
  },
  "root": "root",
  "version": 7
}
