{
  "nodes": {
    "lute-src": {
      "flake": false,
      "locked": {
        "lastModified": 1770518401,
        "narHash": "sha256-pZkUCbW1qPGvIt1PgcjWSy/Od8ySuRZSGcEjdbnNoHQ=",
        "owner": "luau-lang",
        "repo": "lute",
        "rev": "d2cbbaed81b9fc524b997d507380a4af68f67968",
        "type": "github"
      },
      "original": {
        "owner": "luau-lang",
        "repo": "lute",
        "type": "github"
      }
    },
    "nixpkgs": {
      "locked": {
        "lastModified": 1770748344,
        "narHash": "sha256-m5LxUajDNDzPdXW2MtH1O8npHFMNujMs45Vsx/ibGMw=",
        "owner": "NixOS",
        "repo": "nixpkgs",
        "rev": "ef153095f544a03d6e6fc176d7bb3d086c3ab58b",
        "type": "github"
      },
      "original": {
        "owner": "NixOS",
        "repo": "nixpkgs",
        "type": "github"
      }
    },
    "root": {
      "inputs": {
        "lute-src": "lute-src",
        "nixpkgs": "nixpkgs"
      }
    }
  },
  "root": "root",
  "version": 7
}
