{
  "nodes": {
    "lute-src": {
      "flake": false,
      "locked": {
        "lastModified": 1770518401,
        "narHash": "sha256-pZkUCbW1qPGvIt1PgcjWSy/Od8ySuRZSGcEjdbnNoHQ=",
        "owner": "luau-lang",
        "repo": "lute",
        "rev": "d2cbbaed81b9fc524b997d507380a4af68f67968",
        "type": "github"
      },
      "original": {
        "owner": "luau-lang",
        "repo": "lute",
        "type": "github"
      }
    },
    "nixpkgs": {
      "locked": {
        "lastModified": 1770562336,
        "narHash": "sha256-ub1gpAONMFsT/GU2hV6ZWJjur8rJ6kKxdm9IlCT0j84=",
        "owner": "NixOS",
        "repo": "nixpkgs",
        "rev": "d6c71932130818840fc8fe9509cf50be8c64634f",
        "type": "github"
      },
      "original": {
        "id": "nixpkgs",
        "ref": "nixos-unstable",
        "type": "indirect"
      }
    },
    "root": {
      "inputs": {
        "lute-src": "lute-src",
        "nixpkgs": "nixpkgs"
      }
    }
  },
  "root": "root",
  "version": 7
}
